
Microsoft Visual Studio Solution File, Format Version 12.00
# Visual Studio Version 17
VisualStudioVersion = 17.5.33516.290
MinimumVisualStudioVersion = 10.0.40219.1
Project("{FAE04EC0-301F-11D3-BF4B-00C04F79EFBC}") = "pharmacyp", "pharmacyp.csproj", "{FF3046F4-A6EF-4BD9-9C8E-56AC893200E7}"
EndProject
Global
	GlobalSection(SolutionConfigurationPlatforms) = preSolution
		Debug|Any CPU = Debug|Any CPU
		Debug|x64 = Debug|x64
		Debug|x86 = Debug|x86
		Release|Any CPU = Release|Any CPU
		Release|x64 = Release|x64
		Release|x86 = Release|x86
	EndGlobalSection
	GlobalSection(ProjectConfigurationPlatforms) = postSolution
		{FF3046F4-A6EF-4BD9-9C8E-56AC893200E7}.Debug|Any CPU.ActiveCfg = Debug|Any CPU
		{FF3046F4-A6EF-4BD9-9C8E-56AC893200E7}.Debug|Any CPU.Build.0 = Debug|Any CPU
		{FF3046F4-A6EF-4BD9-9C8E-56AC893200E7}.Debug|x64.ActiveCfg = Debug|Any CPU
		{FF3046F4-A6EF-4BD9-9C8E-56AC893200E7}.Debug|x64.Build.0 = Debug|Any CPU
		{FF3046F4-A6EF-4BD9-9C8E-56AC893200E7}.Debug|x86.ActiveCfg = Debug|Any CPU
		{FF3046F4-A6EF-4BD9-9C8E-56AC893200E7}.Debug|x86.Build.0 = Debug|Any CPU
		{FF3046F4-A6EF-4BD9-9C8E-56AC893200E7}.Release|Any CPU.ActiveCfg = Release|Any CPU
		{FF3046F4-A6EF-4BD9-9C8E-56AC893200E7}.Release|Any CPU.Build.0 = Release|Any CPU
		{FF3046F4-A6EF-4BD9-9C8E-56AC893200E7}.Release|x64.ActiveCfg = Release|Any CPU
		{FF3046F4-A6EF-4BD9-9C8E-56AC893200E7}.Release|x64.Build.0 = Release|Any CPU
		{FF3046F4-A6EF-4BD9-9C8E-56AC893200E7}.Release|x86.ActiveCfg = Release|Any CPU
		{FF3046F4-A6EF-4BD9-9C8E-56AC893200E7}.Release|x86.Build.0 = Release|Any CPU
	EndGlobalSection
	GlobalSection(SolutionProperties) = preSolution
		HideSolutionNode = FALSE
	EndGlobalSection
	GlobalSection(ExtensibilityGlobals) = postSolution
		SolutionGuid = {70A78604-F601-429E-8A29-61A2781C0EC8}
	EndGlobalSection
EndGlobal
